
Microsoft Visual Studio Solution File, Format Version 12.00
# Visual Studio Version 16
VisualStudioVersion = 16.0.29009.5
MinimumVisualStudioVersion = 10.0.40219.1
Project("{FAE04EC0-301F-11D3-BF4B-00C04F79EFBC}") = "DeploymentGates", "DeploymentGates\DeploymentGates.csproj", "{532E415B-B6E0-4FCE-9F29-A8A08E1D0BB1}"
EndProject
Project("{FAE04EC0-301F-11D3-BF4B-00C04F79EFBC}") = "DeploymentGates.UnitTests", "DeploymentGates.UnitTests\DeploymentGates.UnitTests.csproj", "{ECD29270-30B0-4C55-BDA8-77B3BB89554F}"
EndProject
Global
	GlobalSection(SolutionConfigurationPlatforms) = preSolution
		Debug|Any CPU = Debug|Any CPU
		Release|Any CPU = Release|Any CPU
	EndGlobalSection
	GlobalSection(ProjectConfigurationPlatforms) = postSolution
		{532E415B-B6E0-4FCE-9F29-A8A08E1D0BB1}.Debug|Any CPU.ActiveCfg = Debug|Any CPU
		{532E415B-B6E0-4FCE-9F29-A8A08E1D0BB1}.Debug|Any CPU.Build.0 = Debug|Any CPU
		{532E415B-B6E0-4FCE-9F29-A8A08E1D0BB1}.Release|Any CPU.ActiveCfg = Release|Any CPU
		{532E415B-B6E0-4FCE-9F29-A8A08E1D0BB1}.Release|Any CPU.Build.0 = Release|Any CPU
		{ECD29270-30B0-4C55-BDA8-77B3BB89554F}.Debug|Any CPU.ActiveCfg = Debug|Any CPU
		{ECD29270-30B0-4C55-BDA8-77B3BB89554F}.Debug|Any CPU.Build.0 = Debug|Any CPU
		{ECD29270-30B0-4C55-BDA8-77B3BB89554F}.Release|Any CPU.ActiveCfg = Release|Any CPU
		{ECD29270-30B0-4C55-BDA8-77B3BB89554F}.Release|Any CPU.Build.0 = Release|Any CPU
	EndGlobalSection
	GlobalSection(SolutionProperties) = preSolution
		HideSolutionNode = FALSE
	EndGlobalSection
	GlobalSection(ExtensibilityGlobals) = postSolution
		SolutionGuid = {5FD788AD-C8C4-4F22-86B4-70AB9A9A3811}
	EndGlobalSection
EndGlobal
